<?xml version="1.0" encoding="utf-8"?>
<Project ToolsVersion="4.0" xmlns="http://schemas.microsoft.com/developer/msbuild/2003">
  <ItemGroup>
    <Filter Include="Source Files">
      <UniqueIdentifier>{4FC737F1-C7A5-4376-A066-2A32D752A2FF}</UniqueIdentifier>
      <Extensions>cpp;c;cc;cxx;def;odl;idl;hpj;bat;asm;asmx</Extensions>
    </Filter>
    <Filter Include="Header Files">
      <UniqueIdentifier>{93995380-89BD-4b04-88EB-625FBE52EBFB}</UniqueIdentifier>
      <Extensions>h;hh;hpp;hxx;hm;inl;inc;xsd</Extensions>
    </Filter>
    <Filter Include="Resource Files">
      <UniqueIdentifier>{67DA6AB6-F800-4c08-8B7A-83BB121AAD01}</UniqueIdentifier>
      <Extensions>rc;ico;cur;bmp;dlg;rc2;rct;bin;rgs;gif;jpg;jpeg;jpe;resx;tiff;tif;png;wav;mfcribbon-ms</Extensions>
    </Filter>
    <Filter Include="modules">
      <UniqueIdentifier>{8db2908a-b4f9-4ec8-84f7-8f9cf4c753fd}</UniqueIdentifier>
    </Filter>
    <Filter Include="modules\calib3d">
      <UniqueIdentifier>{b6ad56a4-261a-413b-93e8-94604fd20fdc}</UniqueIdentifier>
    </Filter>
    <Filter Include="modules\contrib">
      <UniqueIdentifier>{4d439ec9-8c81-4c4b-b23c-10fcda861729}</UniqueIdentifier>
    </Filter>
    <Filter Include="modules\core">
      <UniqueIdentifier>{924fb95e-cbd5-463c-abc1-723d88a2df43}</UniqueIdentifier>
    </Filter>
    <Filter Include="modules\features2d">
      <UniqueIdentifier>{da7830c0-d3ea-4223-9dba-0a16207eb53e}</UniqueIdentifier>
    </Filter>
    <Filter Include="modules\flann">
      <UniqueIdentifier>{fe728e3e-7d16-4bff-a008-bf6c15f8193a}</UniqueIdentifier>
    </Filter>
    <Filter Include="zlib">
      <UniqueIdentifier>{346b2386-29e2-4ab6-992c-2f4be921ab31}</UniqueIdentifier>
    </Filter>
    <Filter Include="modules\highgui">
      <UniqueIdentifier>{96b920d7-8403-4103-8052-a97f0306677d}</UniqueIdentifier>
    </Filter>
    <Filter Include="modules\imgproc">
      <UniqueIdentifier>{784701e6-514f-4bdb-b217-a59e635401d7}</UniqueIdentifier>
    </Filter>
    <Filter Include="modules\legacy">
      <UniqueIdentifier>{551b2f50-2904-4724-9119-e6357b889935}</UniqueIdentifier>
    </Filter>
    <Filter Include="modules\ml">
      <UniqueIdentifier>{ff369a40-3ec6-485e-a35b-4522d402a9d5}</UniqueIdentifier>
    </Filter>
    <Filter Include="modules\nonfree">
      <UniqueIdentifier>{e51fb42a-e04c-48e1-90e2-b91c02abdaec}</UniqueIdentifier>
    </Filter>
    <Filter Include="modules\objdetect">
      <UniqueIdentifier>{a17d3f10-3cbe-4b6f-9fdf-5ecfacbc9aae}</UniqueIdentifier>
    </Filter>
    <Filter Include="modules\ocl">
      <UniqueIdentifier>{8645d36d-4c79-4bd1-ab93-12253b6d25a8}</UniqueIdentifier>
    </Filter>
    <Filter Include="modules\photo">
      <UniqueIdentifier>{36127b45-c7b3-414a-966a-e6b4860585f2}</UniqueIdentifier>
    </Filter>
    <Filter Include="modules\stitching">
      <UniqueIdentifier>{69448d5e-d59f-4ca9-ba9e-595e2a0bdc8f}</UniqueIdentifier>
    </Filter>
    <Filter Include="modules\superres">
      <UniqueIdentifier>{b2b8617d-645a-4222-9ca5-520fc32f6cd0}</UniqueIdentifier>
    </Filter>
    <Filter Include="modules\ts">
      <UniqueIdentifier>{d93fe24a-8eac-4bca-9b84-127ee722780a}</UniqueIdentifier>
    </Filter>
    <Filter Include="modules\video">
      <UniqueIdentifier>{b35744c7-11af-4a6b-afbf-95690146280f}</UniqueIdentifier>
    </Filter>
    <Filter Include="modules\videostab">
      <UniqueIdentifier>{76a60370-0927-4d6b-8739-63eae927b452}</UniqueIdentifier>
    </Filter>
    <Filter Include="modules\ml\test">
      <UniqueIdentifier>{f244faa6-127c-43bd-87a9-6d73e2a31502}</UniqueIdentifier>
    </Filter>
    <Filter Include="modules\imgproc\test">
      <UniqueIdentifier>{8621c200-c7df-4ef6-af5f-db15ddafebb2}</UniqueIdentifier>
    </Filter>
    <Filter Include="modules\objdetect\test">
      <UniqueIdentifier>{d1ff8274-aaac-4c29-af8e-6d66cc9a41f6}</UniqueIdentifier>
    </Filter>
    <Filter Include="modules\legacy\test">
      <UniqueIdentifier>{90605ae6-3c61-4d39-b521-38cb715fce66}</UniqueIdentifier>
    </Filter>
    <Filter Include="modules\calib3d\test">
      <UniqueIdentifier>{2705b261-9509-48ad-a73d-7597e2613190}</UniqueIdentifier>
    </Filter>
  </ItemGroup>
  <ItemGroup>
    <Text Include="ReadMe.txt" />
  </ItemGroup>
  <ItemGroup>
    <ClInclude Include="stdafx.h">
      <Filter>Header Files</Filter>
    </ClInclude>
    <ClInclude Include="targetver.h">
      <Filter>Header Files</Filter>
    </ClInclude>
    <ClInclude Include="..\modules\calib3d\src\_modelest.h">
      <Filter>modules\calib3d</Filter>
    </ClInclude>
    <ClInclude Include="..\modules\calib3d\src\circlesgrid.hpp">
      <Filter>modules\calib3d</Filter>
    </ClInclude>
    <ClInclude Include="..\modules\calib3d\src\epnp.h">
      <Filter>modules\calib3d</Filter>
    </ClInclude>
    <ClInclude Include="..\modules\calib3d\src\p3p.h">
      <Filter>modules\calib3d</Filter>
    </ClInclude>
    <ClInclude Include="..\modules\calib3d\src\polynom_solver.h">
      <Filter>modules\calib3d</Filter>
    </ClInclude>
    <ClInclude Include="..\modules\calib3d\src\precomp.hpp">
      <Filter>modules\calib3d</Filter>
    </ClInclude>
    <ClInclude Include="..\modules\contrib\src\basicretinafilter.hpp">
      <Filter>modules\contrib</Filter>
    </ClInclude>
    <ClInclude Include="..\modules\contrib\src\imagelogpolprojection.hpp">
      <Filter>modules\contrib</Filter>
    </ClInclude>
    <ClInclude Include="..\modules\contrib\src\magnoretinafilter.hpp">
      <Filter>modules\contrib</Filter>
    </ClInclude>
    <ClInclude Include="..\modules\contrib\src\parvoretinafilter.hpp">
      <Filter>modules\contrib</Filter>
    </ClInclude>
    <ClInclude Include="..\modules\contrib\src\precomp.hpp">
      <Filter>modules\contrib</Filter>
    </ClInclude>
    <ClInclude Include="..\modules\contrib\src\retinacolor.hpp">
      <Filter>modules\contrib</Filter>
    </ClInclude>
    <ClInclude Include="..\modules\contrib\src\retinafilter.hpp">
      <Filter>modules\contrib</Filter>
    </ClInclude>
    <ClInclude Include="..\modules\contrib\src\templatebuffer.hpp">
      <Filter>modules\contrib</Filter>
    </ClInclude>
    <ClInclude Include="..\modules\core\src\gl_core_3_1.hpp">
      <Filter>modules\core</Filter>
    </ClInclude>
    <ClInclude Include="..\modules\core\src\precomp.hpp">
      <Filter>modules\core</Filter>
    </ClInclude>
    <ClInclude Include="..\modules\features2d\src\fast_score.hpp">
      <Filter>modules\features2d</Filter>
    </ClInclude>
    <ClInclude Include="..\modules\features2d\src\precomp.hpp">
      <Filter>modules\features2d</Filter>
    </ClInclude>
    <ClInclude Include="..\modules\flann\src\precomp.hpp">
      <Filter>modules\flann</Filter>
    </ClInclude>
    <ClInclude Include="..\zlib\crc32.h">
      <Filter>zlib</Filter>
    </ClInclude>
    <ClInclude Include="..\zlib\deflate.h">
      <Filter>zlib</Filter>
    </ClInclude>
    <ClInclude Include="..\zlib\gzguts.h">
      <Filter>zlib</Filter>
    </ClInclude>
    <ClInclude Include="..\zlib\inffast.h">
      <Filter>zlib</Filter>
    </ClInclude>
    <ClInclude Include="..\zlib\inffixed.h">
      <Filter>zlib</Filter>
    </ClInclude>
    <ClInclude Include="..\zlib\inflate.h">
      <Filter>zlib</Filter>
    </ClInclude>
    <ClInclude Include="..\zlib\inftrees.h">
      <Filter>zlib</Filter>
    </ClInclude>
    <ClInclude Include="..\zlib\trees.h">
      <Filter>zlib</Filter>
    </ClInclude>
    <ClInclude Include="..\zlib\zlib.h">
      <Filter>zlib</Filter>
    </ClInclude>
    <ClInclude Include="..\zlib\zutil.h">
      <Filter>zlib</Filter>
    </ClInclude>
    <ClInclude Include="..\modules\highgui\src\bitstrm.hpp">
      <Filter>modules\highgui</Filter>
    </ClInclude>
    <ClInclude Include="..\modules\highgui\src\cap_ffmpeg_api.hpp">
      <Filter>modules\highgui</Filter>
    </ClInclude>
    <ClInclude Include="..\modules\highgui\src\cap_ffmpeg_impl.hpp">
      <Filter>modules\highgui</Filter>
    </ClInclude>
    <ClInclude Include="..\modules\highgui\src\ffmpeg_codecs.hpp">
      <Filter>modules\highgui</Filter>
    </ClInclude>
    <ClInclude Include="..\modules\highgui\src\grfmt_base.hpp">
      <Filter>modules\highgui</Filter>
    </ClInclude>
    <ClInclude Include="..\modules\highgui\src\grfmt_bmp.hpp">
      <Filter>modules\highgui</Filter>
    </ClInclude>
    <ClInclude Include="..\modules\highgui\src\grfmt_exr.hpp">
      <Filter>modules\highgui</Filter>
    </ClInclude>
    <ClInclude Include="..\modules\highgui\src\grfmt_imageio.hpp">
      <Filter>modules\highgui</Filter>
    </ClInclude>
    <ClInclude Include="..\modules\highgui\src\grfmt_jpeg.hpp">
      <Filter>modules\highgui</Filter>
    </ClInclude>
    <ClInclude Include="..\modules\highgui\src\grfmt_jpeg2000.hpp">
      <Filter>modules\highgui</Filter>
    </ClInclude>
    <ClInclude Include="..\modules\highgui\src\grfmt_png.hpp">
      <Filter>modules\highgui</Filter>
    </ClInclude>
    <ClInclude Include="..\modules\highgui\src\grfmt_pxm.hpp">
      <Filter>modules\highgui</Filter>
    </ClInclude>
    <ClInclude Include="..\modules\highgui\src\grfmt_sunras.hpp">
      <Filter>modules\highgui</Filter>
    </ClInclude>
    <ClInclude Include="..\modules\highgui\src\grfmt_tiff.hpp">
      <Filter>modules\highgui</Filter>
    </ClInclude>
    <ClInclude Include="..\modules\highgui\src\grfmts.hpp">
      <Filter>modules\highgui</Filter>
    </ClInclude>
    <ClInclude Include="..\modules\highgui\src\precomp.hpp">
      <Filter>modules\highgui</Filter>
    </ClInclude>
    <ClInclude Include="..\modules\highgui\src\utils.hpp">
      <Filter>modules\highgui</Filter>
    </ClInclude>
    <ClInclude Include="..\modules\imgproc\src\_geom.h">
      <Filter>modules\imgproc</Filter>
    </ClInclude>
    <ClInclude Include="..\modules\imgproc\src\_list.h">
      <Filter>modules\imgproc</Filter>
    </ClInclude>
    <ClInclude Include="..\modules\imgproc\src\gcgraph.hpp">
      <Filter>modules\imgproc</Filter>
    </ClInclude>
    <ClInclude Include="..\modules\imgproc\src\precomp.hpp">
      <Filter>modules\imgproc</Filter>
    </ClInclude>
    <ClInclude Include="..\modules\legacy\src\_facedetection.h">
      <Filter>modules\legacy</Filter>
    </ClInclude>
    <ClInclude Include="..\modules\legacy\src\_featuretree.h">
      <Filter>modules\legacy</Filter>
    </ClInclude>
    <ClInclude Include="..\modules\legacy\src\_kdtree.hpp">
      <Filter>modules\legacy</Filter>
    </ClInclude>
    <ClInclude Include="..\modules\legacy\src\_matrix.h">
      <Filter>modules\legacy</Filter>
    </ClInclude>
    <ClInclude Include="..\modules\legacy\src\_vectrack.h">
      <Filter>modules\legacy</Filter>
    </ClInclude>
    <ClInclude Include="..\modules\legacy\src\_vm.h">
      <Filter>modules\legacy</Filter>
    </ClInclude>
    <ClInclude Include="..\modules\legacy\src\face.h">
      <Filter>modules\legacy</Filter>
    </ClInclude>
    <ClInclude Include="..\modules\legacy\src\facedetection.h">
      <Filter>modules\legacy</Filter>
    </ClInclude>
    <ClInclude Include="..\modules\legacy\src\facetemplate.h">
      <Filter>modules\legacy</Filter>
    </ClInclude>
    <ClInclude Include="..\modules\legacy\src\precomp.hpp">
      <Filter>modules\legacy</Filter>
    </ClInclude>
    <ClInclude Include="..\modules\ml\src\precomp.hpp">
      <Filter>modules\ml</Filter>
    </ClInclude>
    <ClInclude Include="..\modules\nonfree\src\precomp.hpp">
      <Filter>modules\nonfree</Filter>
    </ClInclude>
    <ClInclude Include="..\modules\objdetect\src\_latentsvm.h">
      <Filter>modules\objdetect</Filter>
    </ClInclude>
    <ClInclude Include="..\modules\objdetect\src\_lsvm_distancetransform.h">
      <Filter>modules\objdetect</Filter>
    </ClInclude>
    <ClInclude Include="..\modules\objdetect\src\_lsvm_error.h">
      <Filter>modules\objdetect</Filter>
    </ClInclude>
    <ClInclude Include="..\modules\objdetect\src\_lsvm_fft.h">
      <Filter>modules\objdetect</Filter>
    </ClInclude>
    <ClInclude Include="..\modules\objdetect\src\_lsvm_matching.h">
      <Filter>modules\objdetect</Filter>
    </ClInclude>
    <ClInclude Include="..\modules\objdetect\src\_lsvm_resizeimg.h">
      <Filter>modules\objdetect</Filter>
    </ClInclude>
    <ClInclude Include="..\modules\objdetect\src\_lsvm_routine.h">
      <Filter>modules\objdetect</Filter>
    </ClInclude>
    <ClInclude Include="..\modules\objdetect\src\_lsvm_tbbversion.h">
      <Filter>modules\objdetect</Filter>
    </ClInclude>
    <ClInclude Include="..\modules\objdetect\src\_lsvm_types.h">
      <Filter>modules\objdetect</Filter>
    </ClInclude>
    <ClInclude Include="..\modules\objdetect\src\_lsvmparser.h">
      <Filter>modules\objdetect</Filter>
    </ClInclude>
    <ClInclude Include="..\modules\objdetect\src\cascadedetect.hpp">
      <Filter>modules\objdetect</Filter>
    </ClInclude>
    <ClInclude Include="..\modules\objdetect\src\precomp.hpp">
      <Filter>modules\objdetect</Filter>
    </ClInclude>
    <ClInclude Include="..\modules\photo\src\arrays.hpp">
      <Filter>modules\photo</Filter>
    </ClInclude>
    <ClInclude Include="..\modules\photo\src\fast_nlmeans_denoising_invoker.hpp">
      <Filter>modules\photo</Filter>
    </ClInclude>
    <ClInclude Include="..\modules\photo\src\fast_nlmeans_denoising_invoker_commons.hpp">
      <Filter>modules\photo</Filter>
    </ClInclude>
    <ClInclude Include="..\modules\photo\src\fast_nlmeans_multi_denoising_invoker.hpp">
      <Filter>modules\photo</Filter>
    </ClInclude>
    <ClInclude Include="..\modules\photo\src\precomp.hpp">
      <Filter>modules\photo</Filter>
    </ClInclude>
    <ClInclude Include="..\modules\stitching\src\precomp.hpp">
      <Filter>modules\stitching</Filter>
    </ClInclude>
    <ClInclude Include="..\modules\superres\src\input_array_utility.hpp">
      <Filter>modules\superres</Filter>
    </ClInclude>
    <ClInclude Include="..\modules\superres\src\precomp.hpp">
      <Filter>modules\superres</Filter>
    </ClInclude>
    <ClInclude Include="..\modules\superres\src\ring_buffer.hpp">
      <Filter>modules\superres</Filter>
    </ClInclude>
    <ClInclude Include="..\modules\ts\src\precomp.hpp">
      <Filter>modules\ts</Filter>
    </ClInclude>
    <ClInclude Include="..\modules\ocl\src\precomp.hpp">
      <Filter>modules\ocl</Filter>
    </ClInclude>
    <ClInclude Include="..\modules\ocl\src\safe_call.hpp">
      <Filter>modules\ocl</Filter>
    </ClInclude>
    <ClInclude Include="..\modules\video\src\lkpyramid.hpp">
      <Filter>modules\video</Filter>
    </ClInclude>
    <ClInclude Include="..\modules\video\src\precomp.hpp">
      <Filter>modules\video</Filter>
    </ClInclude>
    <ClInclude Include="..\modules\video\src\simpleflow.hpp">
      <Filter>modules\video</Filter>
    </ClInclude>
    <ClInclude Include="..\modules\videostab\src\precomp.hpp">
      <Filter>modules\videostab</Filter>
    </ClInclude>
    <ClInclude Include="..\modules\ml\test\test_precomp.hpp">
      <Filter>modules\ml\test</Filter>
    </ClInclude>
    <ClInclude Include="..\modules\imgproc\test\test_precomp.hpp">
      <Filter>modules\imgproc\test</Filter>
    </ClInclude>
    <ClInclude Include="..\modules\objdetect\test\test_precomp.hpp">
      <Filter>modules\objdetect\test</Filter>
    </ClInclude>
    <ClInclude Include="..\modules\legacy\test\test_precomp.hpp">
      <Filter>modules\legacy\test</Filter>
    </ClInclude>
    <ClInclude Include="..\modules\calib3d\test\test_chessboardgenerator.hpp">
      <Filter>modules\calib3d\test</Filter>
    </ClInclude>
    <ClInclude Include="..\modules\calib3d\test\test_precomp.hpp">
      <Filter>modules\calib3d\test</Filter>
    </ClInclude>
  </ItemGroup>
  <ItemGroup>
    <ClCompile Include="stdafx.cpp">
      <Filter>Source Files</Filter>
    </ClCompile>
    <ClCompile Include="cvtest.cpp">
      <Filter>Source Files</Filter>
    </ClCompile>
    <ClCompile Include="..\modules\calib3d\src\calibinit.cpp">
      <Filter>modules\calib3d</Filter>
    </ClCompile>
    <ClCompile Include="..\modules\calib3d\src\calibration.cpp">
      <Filter>modules\calib3d</Filter>
    </ClCompile>
    <ClCompile Include="..\modules\calib3d\src\checkchessboard.cpp">
      <Filter>modules\calib3d</Filter>
    </ClCompile>
    <ClCompile Include="..\modules\calib3d\src\circlesgrid.cpp">
      <Filter>modules\calib3d</Filter>
    </ClCompile>
    <ClCompile Include="..\modules\calib3d\src\epnp.cpp">
      <Filter>modules\calib3d</Filter>
    </ClCompile>
    <ClCompile Include="..\modules\calib3d\src\fundam.cpp">
      <Filter>modules\calib3d</Filter>
    </ClCompile>
    <ClCompile Include="..\modules\calib3d\src\modelest.cpp">
      <Filter>modules\calib3d</Filter>
    </ClCompile>
    <ClCompile Include="..\modules\calib3d\src\p3p.cpp">
      <Filter>modules\calib3d</Filter>
    </ClCompile>
    <ClCompile Include="..\modules\calib3d\src\polynom_solver.cpp">
      <Filter>modules\calib3d</Filter>
    </ClCompile>
    <ClCompile Include="..\modules\calib3d\src\posit.cpp">
      <Filter>modules\calib3d</Filter>
    </ClCompile>
    <ClCompile Include="..\modules\calib3d\src\quadsubpix.cpp">
      <Filter>modules\calib3d</Filter>
    </ClCompile>
    <ClCompile Include="..\modules\calib3d\src\solvepnp.cpp">
      <Filter>modules\calib3d</Filter>
    </ClCompile>
    <ClCompile Include="..\modules\calib3d\src\stereobm.cpp">
      <Filter>modules\calib3d</Filter>
    </ClCompile>
    <ClCompile Include="..\modules\calib3d\src\stereosgbm.cpp">
      <Filter>modules\calib3d</Filter>
    </ClCompile>
    <ClCompile Include="..\modules\calib3d\src\triangulate.cpp">
      <Filter>modules\calib3d</Filter>
    </ClCompile>
    <ClCompile Include="..\modules\contrib\src\adaptiveskindetector.cpp">
      <Filter>modules\contrib</Filter>
    </ClCompile>
    <ClCompile Include="..\modules\contrib\src\ba.cpp">
      <Filter>modules\contrib</Filter>
    </ClCompile>
    <ClCompile Include="..\modules\contrib\src\basicretinafilter.cpp">
      <Filter>modules\contrib</Filter>
    </ClCompile>
    <ClCompile Include="..\modules\contrib\src\bowmsctrainer.cpp">
      <Filter>modules\contrib</Filter>
    </ClCompile>
    <ClCompile Include="..\modules\contrib\src\chamfermatching.cpp">
      <Filter>modules\contrib</Filter>
    </ClCompile>
    <ClCompile Include="..\modules\contrib\src\chowliutree.cpp">
      <Filter>modules\contrib</Filter>
    </ClCompile>
    <ClCompile Include="..\modules\contrib\src\colormap.cpp">
      <Filter>modules\contrib</Filter>
    </ClCompile>
    <ClCompile Include="..\modules\contrib\src\colortracker.cpp">
      <Filter>modules\contrib</Filter>
    </ClCompile>
    <ClCompile Include="..\modules\contrib\src\contrib_init.cpp">
      <Filter>modules\contrib</Filter>
    </ClCompile>
    <ClCompile Include="..\modules\contrib\src\detection_based_tracker.cpp">
      <Filter>modules\contrib</Filter>
    </ClCompile>
    <ClCompile Include="..\modules\contrib\src\facerec.cpp">
      <Filter>modules\contrib</Filter>
    </ClCompile>
    <ClCompile Include="..\modules\contrib\src\featuretracker.cpp">
      <Filter>modules\contrib</Filter>
    </ClCompile>
    <ClCompile Include="..\modules\contrib\src\fuzzymeanshifttracker.cpp">
      <Filter>modules\contrib</Filter>
    </ClCompile>
    <ClCompile Include="..\modules\contrib\src\gencolors.cpp">
      <Filter>modules\contrib</Filter>
    </ClCompile>
    <ClCompile Include="..\modules\contrib\src\hybridtracker.cpp">
      <Filter>modules\contrib</Filter>
    </ClCompile>
    <ClCompile Include="..\modules\contrib\src\imagelogpolprojection.cpp">
      <Filter>modules\contrib</Filter>
    </ClCompile>
    <ClCompile Include="..\modules\contrib\src\inputoutput.cpp">
      <Filter>modules\contrib</Filter>
    </ClCompile>
    <ClCompile Include="..\modules\contrib\src\lda.cpp">
      <Filter>modules\contrib</Filter>
    </ClCompile>
    <ClCompile Include="..\modules\contrib\src\logpolar_bsm.cpp">
      <Filter>modules\contrib</Filter>
    </ClCompile>
    <ClCompile Include="..\modules\contrib\src\magnoretinafilter.cpp">
      <Filter>modules\contrib</Filter>
    </ClCompile>
    <ClCompile Include="..\modules\contrib\src\octree.cpp">
      <Filter>modules\contrib</Filter>
    </ClCompile>
    <ClCompile Include="..\modules\contrib\src\openfabmap.cpp">
      <Filter>modules\contrib</Filter>
    </ClCompile>
    <ClCompile Include="..\modules\contrib\src\parvoretinafilter.cpp">
      <Filter>modules\contrib</Filter>
    </ClCompile>
    <ClCompile Include="..\modules\contrib\src\polyfit.cpp">
      <Filter>modules\contrib</Filter>
    </ClCompile>
    <ClCompile Include="..\modules\contrib\src\retina.cpp">
      <Filter>modules\contrib</Filter>
    </ClCompile>
    <ClCompile Include="..\modules\contrib\src\retinacolor.cpp">
      <Filter>modules\contrib</Filter>
    </ClCompile>
    <ClCompile Include="..\modules\contrib\src\retinafilter.cpp">
      <Filter>modules\contrib</Filter>
    </ClCompile>
    <ClCompile Include="..\modules\contrib\src\rgbdodometry.cpp">
      <Filter>modules\contrib</Filter>
    </ClCompile>
    <ClCompile Include="..\modules\contrib\src\selfsimilarity.cpp">
      <Filter>modules\contrib</Filter>
    </ClCompile>
    <ClCompile Include="..\modules\contrib\src\spinimages.cpp">
      <Filter>modules\contrib</Filter>
    </ClCompile>
    <ClCompile Include="..\modules\contrib\src\stereovar.cpp">
      <Filter>modules\contrib</Filter>
    </ClCompile>
    <ClCompile Include="..\modules\core\src\algorithm.cpp">
      <Filter>modules\core</Filter>
    </ClCompile>
    <ClCompile Include="..\modules\core\src\alloc.cpp">
      <Filter>modules\core</Filter>
    </ClCompile>
    <ClCompile Include="..\modules\core\src\arithm.cpp">
      <Filter>modules\core</Filter>
    </ClCompile>
    <ClCompile Include="..\modules\core\src\array.cpp">
      <Filter>modules\core</Filter>
    </ClCompile>
    <ClCompile Include="..\modules\core\src\cmdparser.cpp">
      <Filter>modules\core</Filter>
    </ClCompile>
    <ClCompile Include="..\modules\core\src\convert.cpp">
      <Filter>modules\core</Filter>
    </ClCompile>
    <ClCompile Include="..\modules\core\src\copy.cpp">
      <Filter>modules\core</Filter>
    </ClCompile>
    <ClCompile Include="..\modules\core\src\datastructs.cpp">
      <Filter>modules\core</Filter>
    </ClCompile>
    <ClCompile Include="..\modules\core\src\drawing.cpp">
      <Filter>modules\core</Filter>
    </ClCompile>
    <ClCompile Include="..\modules\core\src\dxt.cpp">
      <Filter>modules\core</Filter>
    </ClCompile>
    <ClCompile Include="..\modules\core\src\gl_core_3_1.cpp">
      <Filter>modules\core</Filter>
    </ClCompile>
    <ClCompile Include="..\modules\core\src\gpumat.cpp">
      <Filter>modules\core</Filter>
    </ClCompile>
    <ClCompile Include="..\modules\core\src\lapack.cpp">
      <Filter>modules\core</Filter>
    </ClCompile>
    <ClCompile Include="..\modules\core\src\mathfuncs.cpp">
      <Filter>modules\core</Filter>
    </ClCompile>
    <ClCompile Include="..\modules\core\src\matmul.cpp">
      <Filter>modules\core</Filter>
    </ClCompile>
    <ClCompile Include="..\modules\core\src\matop.cpp">
      <Filter>modules\core</Filter>
    </ClCompile>
    <ClCompile Include="..\modules\core\src\matrix.cpp">
      <Filter>modules\core</Filter>
    </ClCompile>
    <ClCompile Include="..\modules\core\src\opengl_interop.cpp">
      <Filter>modules\core</Filter>
    </ClCompile>
    <ClCompile Include="..\modules\core\src\opengl_interop_deprecated.cpp">
      <Filter>modules\core</Filter>
    </ClCompile>
    <ClCompile Include="..\modules\core\src\out.cpp">
      <Filter>modules\core</Filter>
    </ClCompile>
    <ClCompile Include="..\modules\core\src\parallel.cpp">
      <Filter>modules\core</Filter>
    </ClCompile>
    <ClCompile Include="..\modules\core\src\persistence.cpp">
      <Filter>modules\core</Filter>
    </ClCompile>
    <ClCompile Include="..\modules\core\src\rand.cpp">
      <Filter>modules\core</Filter>
    </ClCompile>
    <ClCompile Include="..\modules\core\src\stat.cpp">
      <Filter>modules\core</Filter>
    </ClCompile>
    <ClCompile Include="..\modules\core\src\system.cpp">
      <Filter>modules\core</Filter>
    </ClCompile>
    <ClCompile Include="..\modules\core\src\tables.cpp">
      <Filter>modules\core</Filter>
    </ClCompile>
    <ClCompile Include="..\modules\features2d\src\bagofwords.cpp">
      <Filter>modules\features2d</Filter>
    </ClCompile>
    <ClCompile Include="..\modules\features2d\src\blobdetector.cpp">
      <Filter>modules\features2d</Filter>
    </ClCompile>
    <ClCompile Include="..\modules\features2d\src\brief.cpp">
      <Filter>modules\features2d</Filter>
    </ClCompile>
    <ClCompile Include="..\modules\features2d\src\brisk.cpp">
      <Filter>modules\features2d</Filter>
    </ClCompile>
    <ClCompile Include="..\modules\features2d\src\descriptors.cpp">
      <Filter>modules\features2d</Filter>
    </ClCompile>
    <ClCompile Include="..\modules\features2d\src\detectors.cpp">
      <Filter>modules\features2d</Filter>
    </ClCompile>
    <ClCompile Include="..\modules\features2d\src\draw.cpp">
      <Filter>modules\features2d</Filter>
    </ClCompile>
    <ClCompile Include="..\modules\features2d\src\dynamic.cpp">
      <Filter>modules\features2d</Filter>
    </ClCompile>
    <ClCompile Include="..\modules\features2d\src\evaluation.cpp">
      <Filter>modules\features2d</Filter>
    </ClCompile>
    <ClCompile Include="..\modules\features2d\src\fast.cpp">
      <Filter>modules\features2d</Filter>
    </ClCompile>
    <ClCompile Include="..\modules\features2d\src\fast_score.cpp">
      <Filter>modules\features2d</Filter>
    </ClCompile>
    <ClCompile Include="..\modules\features2d\src\features2d_init.cpp">
      <Filter>modules\features2d</Filter>
    </ClCompile>
    <ClCompile Include="..\modules\features2d\src\freak.cpp">
      <Filter>modules\features2d</Filter>
    </ClCompile>
    <ClCompile Include="..\modules\features2d\src\keypoint.cpp">
      <Filter>modules\features2d</Filter>
    </ClCompile>
    <ClCompile Include="..\modules\features2d\src\matchers.cpp">
      <Filter>modules\features2d</Filter>
    </ClCompile>
    <ClCompile Include="..\modules\features2d\src\mser.cpp">
      <Filter>modules\features2d</Filter>
    </ClCompile>
    <ClCompile Include="..\modules\features2d\src\orb.cpp">
      <Filter>modules\features2d</Filter>
    </ClCompile>
    <ClCompile Include="..\modules\features2d\src\stardetector.cpp">
      <Filter>modules\features2d</Filter>
    </ClCompile>
    <ClCompile Include="..\modules\flann\src\flann.cpp">
      <Filter>modules\flann</Filter>
    </ClCompile>
    <ClCompile Include="..\modules\flann\src\miniflann.cpp">
      <Filter>modules\flann</Filter>
    </ClCompile>
    <ClCompile Include="..\zlib\adler32.c">
      <Filter>zlib</Filter>
    </ClCompile>
    <ClCompile Include="..\zlib\compress.c">
      <Filter>zlib</Filter>
    </ClCompile>
    <ClCompile Include="..\zlib\crc32.c">
      <Filter>zlib</Filter>
    </ClCompile>
    <ClCompile Include="..\zlib\deflate.c">
      <Filter>zlib</Filter>
    </ClCompile>
    <ClCompile Include="..\zlib\gzclose.c">
      <Filter>zlib</Filter>
    </ClCompile>
    <ClCompile Include="..\zlib\gzlib.c">
      <Filter>zlib</Filter>
    </ClCompile>
    <ClCompile Include="..\zlib\gzread.c">
      <Filter>zlib</Filter>
    </ClCompile>
    <ClCompile Include="..\zlib\gzwrite.c">
      <Filter>zlib</Filter>
    </ClCompile>
    <ClCompile Include="..\zlib\infback.c">
      <Filter>zlib</Filter>
    </ClCompile>
    <ClCompile Include="..\zlib\inffast.c">
      <Filter>zlib</Filter>
    </ClCompile>
    <ClCompile Include="..\zlib\inflate.c">
      <Filter>zlib</Filter>
    </ClCompile>
    <ClCompile Include="..\zlib\inftrees.c">
      <Filter>zlib</Filter>
    </ClCompile>
    <ClCompile Include="..\zlib\trees.c">
      <Filter>zlib</Filter>
    </ClCompile>
    <ClCompile Include="..\zlib\uncompr.c">
      <Filter>zlib</Filter>
    </ClCompile>
    <ClCompile Include="..\zlib\zutil.c">
      <Filter>zlib</Filter>
    </ClCompile>
    <ClCompile Include="..\modules\highgui\src\bitstrm.cpp">
      <Filter>modules\highgui</Filter>
    </ClCompile>
    <ClCompile Include="..\modules\highgui\src\cap.cpp">
      <Filter>modules\highgui</Filter>
    </ClCompile>
    <ClCompile Include="..\modules\highgui\src\cap_android.cpp">
      <Filter>modules\highgui</Filter>
    </ClCompile>
    <ClCompile Include="..\modules\highgui\src\cap_cmu.cpp">
      <Filter>modules\highgui</Filter>
    </ClCompile>
    <ClCompile Include="..\modules\highgui\src\cap_dc1394.cpp">
      <Filter>modules\highgui</Filter>
    </ClCompile>
    <ClCompile Include="..\modules\highgui\src\cap_dc1394_v2.cpp">
      <Filter>modules\highgui</Filter>
    </ClCompile>
    <ClCompile Include="..\modules\highgui\src\cap_dshow.cpp">
      <Filter>modules\highgui</Filter>
    </ClCompile>
    <ClCompile Include="..\modules\highgui\src\cap_ffmpeg.cpp">
      <Filter>modules\highgui</Filter>
    </ClCompile>
    <ClCompile Include="..\modules\highgui\src\cap_images.cpp">
      <Filter>modules\highgui</Filter>
    </ClCompile>
    <ClCompile Include="..\modules\highgui\src\cap_intelperc.cpp">
      <Filter>modules\highgui</Filter>
    </ClCompile>
    <ClCompile Include="..\modules\highgui\src\cap_libv4l.cpp">
      <Filter>modules\highgui</Filter>
    </ClCompile>
    <ClCompile Include="..\modules\highgui\src\cap_msmf.cpp">
      <Filter>modules\highgui</Filter>
    </ClCompile>
    <ClCompile Include="..\modules\highgui\src\cap_openni.cpp">
      <Filter>modules\highgui</Filter>
    </ClCompile>
    <ClCompile Include="..\modules\highgui\src\cap_pvapi.cpp">
      <Filter>modules\highgui</Filter>
    </ClCompile>
    <ClCompile Include="..\modules\highgui\src\cap_v4l.cpp">
      <Filter>modules\highgui</Filter>
    </ClCompile>
    <ClCompile Include="..\modules\highgui\src\grfmt_base.cpp">
      <Filter>modules\highgui</Filter>
    </ClCompile>
    <ClCompile Include="..\modules\highgui\src\grfmt_bmp.cpp">
      <Filter>modules\highgui</Filter>
    </ClCompile>
    <ClCompile Include="..\modules\highgui\src\grfmt_exr.cpp">
      <Filter>modules\highgui</Filter>
    </ClCompile>
    <ClCompile Include="..\modules\highgui\src\grfmt_imageio.cpp">
      <Filter>modules\highgui</Filter>
    </ClCompile>
    <ClCompile Include="..\modules\highgui\src\grfmt_jpeg.cpp">
      <Filter>modules\highgui</Filter>
    </ClCompile>
    <ClCompile Include="..\modules\highgui\src\grfmt_jpeg2000.cpp">
      <Filter>modules\highgui</Filter>
    </ClCompile>
    <ClCompile Include="..\modules\highgui\src\grfmt_png.cpp">
      <Filter>modules\highgui</Filter>
    </ClCompile>
    <ClCompile Include="..\modules\highgui\src\grfmt_pxm.cpp">
      <Filter>modules\highgui</Filter>
    </ClCompile>
    <ClCompile Include="..\modules\highgui\src\grfmt_sunras.cpp">
      <Filter>modules\highgui</Filter>
    </ClCompile>
    <ClCompile Include="..\modules\highgui\src\grfmt_tiff.cpp">
      <Filter>modules\highgui</Filter>
    </ClCompile>
    <ClCompile Include="..\modules\highgui\src\loadsave.cpp">
      <Filter>modules\highgui</Filter>
    </ClCompile>
    <ClCompile Include="..\modules\highgui\src\utils.cpp">
      <Filter>modules\highgui</Filter>
    </ClCompile>
    <ClCompile Include="..\modules\highgui\src\window_gtk.cpp">
      <Filter>modules\highgui</Filter>
    </ClCompile>
    <ClCompile Include="..\modules\imgproc\src\accum.cpp">
      <Filter>modules\imgproc</Filter>
    </ClCompile>
    <ClCompile Include="..\modules\imgproc\src\approx.cpp">
      <Filter>modules\imgproc</Filter>
    </ClCompile>
    <ClCompile Include="..\modules\imgproc\src\canny.cpp">
      <Filter>modules\imgproc</Filter>
    </ClCompile>
    <ClCompile Include="..\modules\imgproc\src\clahe.cpp">
      <Filter>modules\imgproc</Filter>
    </ClCompile>
    <ClCompile Include="..\modules\imgproc\src\contours.cpp">
      <Filter>modules\imgproc</Filter>
    </ClCompile>
    <ClCompile Include="..\modules\imgproc\src\convhull.cpp">
      <Filter>modules\imgproc</Filter>
    </ClCompile>
    <ClCompile Include="..\modules\imgproc\src\corner.cpp">
      <Filter>modules\imgproc</Filter>
    </ClCompile>
    <ClCompile Include="..\modules\imgproc\src\deriv.cpp">
      <Filter>modules\imgproc</Filter>
    </ClCompile>
    <ClCompile Include="..\modules\imgproc\src\emd.cpp">
      <Filter>modules\imgproc</Filter>
    </ClCompile>
    <ClCompile Include="..\modules\imgproc\src\featureselect.cpp">
      <Filter>modules\imgproc</Filter>
    </ClCompile>
    <ClCompile Include="..\modules\imgproc\src\filter.cpp">
      <Filter>modules\imgproc</Filter>
    </ClCompile>
    <ClCompile Include="..\modules\imgproc\src\floodfill.cpp">
      <Filter>modules\imgproc</Filter>
    </ClCompile>
    <ClCompile Include="..\modules\imgproc\src\gabor.cpp">
      <Filter>modules\imgproc</Filter>
    </ClCompile>
    <ClCompile Include="..\modules\imgproc\src\generalized_hough.cpp">
      <Filter>modules\imgproc</Filter>
    </ClCompile>
    <ClCompile Include="..\modules\imgproc\src\geometry.cpp">
      <Filter>modules\imgproc</Filter>
    </ClCompile>
    <ClCompile Include="..\modules\imgproc\src\grabcut.cpp">
      <Filter>modules\imgproc</Filter>
    </ClCompile>
    <ClCompile Include="..\modules\imgproc\src\histogram.cpp">
      <Filter>modules\imgproc</Filter>
    </ClCompile>
    <ClCompile Include="..\modules\imgproc\src\hough.cpp">
      <Filter>modules\imgproc</Filter>
    </ClCompile>
    <ClCompile Include="..\modules\imgproc\src\imgwarp.cpp">
      <Filter>modules\imgproc</Filter>
    </ClCompile>
    <ClCompile Include="..\modules\imgproc\src\linefit.cpp">
      <Filter>modules\imgproc</Filter>
    </ClCompile>
    <ClCompile Include="..\modules\imgproc\src\matchcontours.cpp">
      <Filter>modules\imgproc</Filter>
    </ClCompile>
    <ClCompile Include="..\modules\imgproc\src\moments.cpp">
      <Filter>modules\imgproc</Filter>
    </ClCompile>
    <ClCompile Include="..\modules\imgproc\src\phasecorr.cpp">
      <Filter>modules\imgproc</Filter>
    </ClCompile>
    <ClCompile Include="..\modules\imgproc\src\pyramids.cpp">
      <Filter>modules\imgproc</Filter>
    </ClCompile>
    <ClCompile Include="..\modules\imgproc\src\rotcalipers.cpp">
      <Filter>modules\imgproc</Filter>
    </ClCompile>
    <ClCompile Include="..\modules\imgproc\src\segmentation.cpp">
      <Filter>modules\imgproc</Filter>
    </ClCompile>
    <ClCompile Include="..\modules\imgproc\src\shapedescr.cpp">
      <Filter>modules\imgproc</Filter>
    </ClCompile>
    <ClCompile Include="..\modules\imgproc\src\subdivision2d.cpp">
      <Filter>modules\imgproc</Filter>
    </ClCompile>
    <ClCompile Include="..\modules\imgproc\src\sumpixels.cpp">
      <Filter>modules\imgproc</Filter>
    </ClCompile>
    <ClCompile Include="..\modules\imgproc\src\tables.cpp">
      <Filter>modules\imgproc</Filter>
    </ClCompile>
    <ClCompile Include="..\modules\imgproc\src\templmatch.cpp">
      <Filter>modules\imgproc</Filter>
    </ClCompile>
    <ClCompile Include="..\modules\imgproc\src\thresh.cpp">
      <Filter>modules\imgproc</Filter>
    </ClCompile>
    <ClCompile Include="..\modules\imgproc\src\undistort.cpp">
      <Filter>modules\imgproc</Filter>
    </ClCompile>
    <ClCompile Include="..\modules\imgproc\src\utils.cpp">
      <Filter>modules\imgproc</Filter>
    </ClCompile>
    <ClCompile Include="..\modules\legacy\src\3dtracker.cpp">
      <Filter>modules\legacy</Filter>
    </ClCompile>
    <ClCompile Include="..\modules\legacy\src\auxutils.cpp">
      <Filter>modules\legacy</Filter>
    </ClCompile>
    <ClCompile Include="..\modules\legacy\src\bgfg_acmmm2003.cpp">
      <Filter>modules\legacy</Filter>
    </ClCompile>
    <ClCompile Include="..\modules\legacy\src\bgfg_codebook.cpp">
      <Filter>modules\legacy</Filter>
    </ClCompile>
    <ClCompile Include="..\modules\legacy\src\bgfg_common.cpp">
      <Filter>modules\legacy</Filter>
    </ClCompile>
    <ClCompile Include="..\modules\legacy\src\bgfg_estimation.cpp">
      <Filter>modules\legacy</Filter>
    </ClCompile>
    <ClCompile Include="..\modules\legacy\src\bgfg_gaussmix.cpp">
      <Filter>modules\legacy</Filter>
    </ClCompile>
    <ClCompile Include="..\modules\legacy\src\blobtrack.cpp">
      <Filter>modules\legacy</Filter>
    </ClCompile>
    <ClCompile Include="..\modules\legacy\src\blobtrackanalysis.cpp">
      <Filter>modules\legacy</Filter>
    </ClCompile>
    <ClCompile Include="..\modules\legacy\src\blobtrackanalysishist.cpp">
      <Filter>modules\legacy</Filter>
    </ClCompile>
    <ClCompile Include="..\modules\legacy\src\blobtrackanalysisior.cpp">
      <Filter>modules\legacy</Filter>
    </ClCompile>
    <ClCompile Include="..\modules\legacy\src\blobtrackanalysistrackdist.cpp">
      <Filter>modules\legacy</Filter>
    </ClCompile>
    <ClCompile Include="..\modules\legacy\src\blobtrackgen1.cpp">
      <Filter>modules\legacy</Filter>
    </ClCompile>
    <ClCompile Include="..\modules\legacy\src\blobtrackgenyml.cpp">
      <Filter>modules\legacy</Filter>
    </ClCompile>
    <ClCompile Include="..\modules\legacy\src\blobtrackingauto.cpp">
      <Filter>modules\legacy</Filter>
    </ClCompile>
    <ClCompile Include="..\modules\legacy\src\blobtrackingcc.cpp">
      <Filter>modules\legacy</Filter>
    </ClCompile>
    <ClCompile Include="..\modules\legacy\src\blobtrackingccwithcr.cpp">
      <Filter>modules\legacy</Filter>
    </ClCompile>
    <ClCompile Include="..\modules\legacy\src\blobtrackinglist.cpp">
      <Filter>modules\legacy</Filter>
    </ClCompile>
    <ClCompile Include="..\modules\legacy\src\blobtrackingmsfg.cpp">
      <Filter>modules\legacy</Filter>
    </ClCompile>
    <ClCompile Include="..\modules\legacy\src\blobtrackingmsfgs.cpp">
      <Filter>modules\legacy</Filter>
    </ClCompile>
    <ClCompile Include="..\modules\legacy\src\blobtrackpostprockalman.cpp">
      <Filter>modules\legacy</Filter>
    </ClCompile>
    <ClCompile Include="..\modules\legacy\src\blobtrackpostproclinear.cpp">
      <Filter>modules\legacy</Filter>
    </ClCompile>
    <ClCompile Include="..\modules\legacy\src\blobtrackpostproclist.cpp">
      <Filter>modules\legacy</Filter>
    </ClCompile>
    <ClCompile Include="..\modules\legacy\src\calcimagehomography.cpp">
      <Filter>modules\legacy</Filter>
    </ClCompile>
    <ClCompile Include="..\modules\legacy\src\calibfilter.cpp">
      <Filter>modules\legacy</Filter>
    </ClCompile>
    <ClCompile Include="..\modules\legacy\src\calonder.cpp">
      <Filter>modules\legacy</Filter>
    </ClCompile>
    <ClCompile Include="..\modules\legacy\src\camshift.cpp">
      <Filter>modules\legacy</Filter>
    </ClCompile>
    <ClCompile Include="..\modules\legacy\src\clique.cpp">
      <Filter>modules\legacy</Filter>
    </ClCompile>
    <ClCompile Include="..\modules\legacy\src\compat.cpp">
      <Filter>modules\legacy</Filter>
    </ClCompile>
    <ClCompile Include="..\modules\legacy\src\condens.cpp">
      <Filter>modules\legacy</Filter>
    </ClCompile>
    <ClCompile Include="..\modules\legacy\src\contourtree.cpp">
      <Filter>modules\legacy</Filter>
    </ClCompile>
    <ClCompile Include="..\modules\legacy\src\correspond.cpp">
      <Filter>modules\legacy</Filter>
    </ClCompile>
    <ClCompile Include="..\modules\legacy\src\corrimages.cpp">
      <Filter>modules\legacy</Filter>
    </ClCompile>
    <ClCompile Include="..\modules\legacy\src\createhandmask.cpp">
      <Filter>modules\legacy</Filter>
    </ClCompile>
    <ClCompile Include="..\modules\legacy\src\decomppoly.cpp">
      <Filter>modules\legacy</Filter>
    </ClCompile>
    <ClCompile Include="..\modules\legacy\src\dominants.cpp">
      <Filter>modules\legacy</Filter>
    </ClCompile>
    <ClCompile Include="..\modules\legacy\src\dpstereo.cpp">
      <Filter>modules\legacy</Filter>
    </ClCompile>
    <ClCompile Include="..\modules\legacy\src\eigenobjects.cpp">
      <Filter>modules\legacy</Filter>
    </ClCompile>
    <ClCompile Include="..\modules\legacy\src\em.cpp">
      <Filter>modules\legacy</Filter>
    </ClCompile>
    <ClCompile Include="..\modules\legacy\src\enmin.cpp">
      <Filter>modules\legacy</Filter>
    </ClCompile>
    <ClCompile Include="..\modules\legacy\src\enteringblobdetection.cpp">
      <Filter>modules\legacy</Filter>
    </ClCompile>
    <ClCompile Include="..\modules\legacy\src\enteringblobdetectionreal.cpp">
      <Filter>modules\legacy</Filter>
    </ClCompile>
    <ClCompile Include="..\modules\legacy\src\epilines.cpp">
      <Filter>modules\legacy</Filter>
    </ClCompile>
    <ClCompile Include="..\modules\legacy\src\extendededges.cpp">
      <Filter>modules\legacy</Filter>
    </ClCompile>
    <ClCompile Include="..\modules\legacy\src\face.cpp">
      <Filter>modules\legacy</Filter>
    </ClCompile>
    <ClCompile Include="..\modules\legacy\src\facedetection.cpp">
      <Filter>modules\legacy</Filter>
    </ClCompile>
    <ClCompile Include="..\modules\legacy\src\facetemplate.cpp">
      <Filter>modules\legacy</Filter>
    </ClCompile>
    <ClCompile Include="..\modules\legacy\src\features2d.cpp">
      <Filter>modules\legacy</Filter>
    </ClCompile>
    <ClCompile Include="..\modules\legacy\src\featuretree.cpp">
      <Filter>modules\legacy</Filter>
    </ClCompile>
    <ClCompile Include="..\modules\legacy\src\findface.cpp">
      <Filter>modules\legacy</Filter>
    </ClCompile>
    <ClCompile Include="..\modules\legacy\src\findhandregion.cpp">
      <Filter>modules\legacy</Filter>
    </ClCompile>
    <ClCompile Include="..\modules\legacy\src\hmm.cpp">
      <Filter>modules\legacy</Filter>
    </ClCompile>
    <ClCompile Include="..\modules\legacy\src\hmm1d.cpp">
      <Filter>modules\legacy</Filter>
    </ClCompile>
    <ClCompile Include="..\modules\legacy\src\hmmobs.cpp">
      <Filter>modules\legacy</Filter>
    </ClCompile>
    <ClCompile Include="..\modules\legacy\src\image.cpp">
      <Filter>modules\legacy</Filter>
    </ClCompile>
    <ClCompile Include="..\modules\legacy\src\kdtree.cpp">
      <Filter>modules\legacy</Filter>
    </ClCompile>
    <ClCompile Include="..\modules\legacy\src\lcm.cpp">
      <Filter>modules\legacy</Filter>
    </ClCompile>
    <ClCompile Include="..\modules\legacy\src\lee.cpp">
      <Filter>modules\legacy</Filter>
    </ClCompile>
    <ClCompile Include="..\modules\legacy\src\levmar.cpp">
      <Filter>modules\legacy</Filter>
    </ClCompile>
    <ClCompile Include="..\modules\legacy\src\levmarprojbandle.cpp">
      <Filter>modules\legacy</Filter>
    </ClCompile>
    <ClCompile Include="..\modules\legacy\src\levmartrif.cpp">
      <Filter>modules\legacy</Filter>
    </ClCompile>
    <ClCompile Include="..\modules\legacy\src\lines.cpp">
      <Filter>modules\legacy</Filter>
    </ClCompile>
    <ClCompile Include="..\modules\legacy\src\lmeds.cpp">
      <Filter>modules\legacy</Filter>
    </ClCompile>
    <ClCompile Include="..\modules\legacy\src\lsh.cpp">
      <Filter>modules\legacy</Filter>
    </ClCompile>
    <ClCompile Include="..\modules\legacy\src\morphcontours.cpp">
      <Filter>modules\legacy</Filter>
    </ClCompile>
    <ClCompile Include="..\modules\legacy\src\morphing.cpp">
      <Filter>modules\legacy</Filter>
    </ClCompile>
    <ClCompile Include="..\modules\legacy\src\oneway.cpp">
      <Filter>modules\legacy</Filter>
    </ClCompile>
    <ClCompile Include="..\modules\legacy\src\optflowbm.cpp">
      <Filter>modules\legacy</Filter>
    </ClCompile>
    <ClCompile Include="..\modules\legacy\src\optflowhs.cpp">
      <Filter>modules\legacy</Filter>
    </ClCompile>
    <ClCompile Include="..\modules\legacy\src\optflowlk.cpp">
      <Filter>modules\legacy</Filter>
    </ClCompile>
    <ClCompile Include="..\modules\legacy\src\pgh.cpp">
      <Filter>modules\legacy</Filter>
    </ClCompile>
    <ClCompile Include="..\modules\legacy\src\planardetect.cpp">
      <Filter>modules\legacy</Filter>
    </ClCompile>
    <ClCompile Include="..\modules\legacy\src\prewarp.cpp">
      <Filter>modules\legacy</Filter>
    </ClCompile>
    <ClCompile Include="..\modules\legacy\src\pyrsegmentation.cpp">
      <Filter>modules\legacy</Filter>
    </ClCompile>
    <ClCompile Include="..\modules\legacy\src\scanlines.cpp">
      <Filter>modules\legacy</Filter>
    </ClCompile>
    <ClCompile Include="..\modules\legacy\src\segment.cpp">
      <Filter>modules\legacy</Filter>
    </ClCompile>
    <ClCompile Include="..\modules\legacy\src\snakes.cpp">
      <Filter>modules\legacy</Filter>
    </ClCompile>
    <ClCompile Include="..\modules\legacy\src\spilltree.cpp">
      <Filter>modules\legacy</Filter>
    </ClCompile>
    <ClCompile Include="..\modules\legacy\src\stereogc.cpp">
      <Filter>modules\legacy</Filter>
    </ClCompile>
    <ClCompile Include="..\modules\legacy\src\subdiv2.cpp">
      <Filter>modules\legacy</Filter>
    </ClCompile>
    <ClCompile Include="..\modules\legacy\src\testseq.cpp">
      <Filter>modules\legacy</Filter>
    </ClCompile>
    <ClCompile Include="..\modules\legacy\src\texture.cpp">
      <Filter>modules\legacy</Filter>
    </ClCompile>
    <ClCompile Include="..\modules\legacy\src\trifocal.cpp">
      <Filter>modules\legacy</Filter>
    </ClCompile>
    <ClCompile Include="..\modules\legacy\src\vecfacetracking.cpp">
      <Filter>modules\legacy</Filter>
    </ClCompile>
    <ClCompile Include="..\modules\legacy\src\video.cpp">
      <Filter>modules\legacy</Filter>
    </ClCompile>
    <ClCompile Include="..\modules\ml\src\ann_mlp.cpp">
      <Filter>modules\ml</Filter>
    </ClCompile>
    <ClCompile Include="..\modules\ml\src\boost.cpp">
      <Filter>modules\ml</Filter>
    </ClCompile>
    <ClCompile Include="..\modules\ml\src\cnn.cpp">
      <Filter>modules\ml</Filter>
    </ClCompile>
    <ClCompile Include="..\modules\ml\src\data.cpp">
      <Filter>modules\ml</Filter>
    </ClCompile>
    <ClCompile Include="..\modules\ml\src\em.cpp">
      <Filter>modules\ml</Filter>
    </ClCompile>
    <ClCompile Include="..\modules\ml\src\ertrees.cpp">
      <Filter>modules\ml</Filter>
    </ClCompile>
    <ClCompile Include="..\modules\ml\src\estimate.cpp">
      <Filter>modules\ml</Filter>
    </ClCompile>
    <ClCompile Include="..\modules\ml\src\gbt.cpp">
      <Filter>modules\ml</Filter>
    </ClCompile>
    <ClCompile Include="..\modules\ml\src\inner_functions.cpp">
      <Filter>modules\ml</Filter>
    </ClCompile>
    <ClCompile Include="..\modules\ml\src\knearest.cpp">
      <Filter>modules\ml</Filter>
    </ClCompile>
    <ClCompile Include="..\modules\ml\src\ml_init.cpp">
      <Filter>modules\ml</Filter>
    </ClCompile>
    <ClCompile Include="..\modules\ml\src\nbayes.cpp">
      <Filter>modules\ml</Filter>
    </ClCompile>
    <ClCompile Include="..\modules\ml\src\rtrees.cpp">
      <Filter>modules\ml</Filter>
    </ClCompile>
    <ClCompile Include="..\modules\ml\src\svm.cpp">
      <Filter>modules\ml</Filter>
    </ClCompile>
    <ClCompile Include="..\modules\ml\src\testset.cpp">
      <Filter>modules\ml</Filter>
    </ClCompile>
    <ClCompile Include="..\modules\ml\src\tree.cpp">
      <Filter>modules\ml</Filter>
    </ClCompile>
    <ClCompile Include="..\modules\nonfree\src\nonfree_init.cpp">
      <Filter>modules\nonfree</Filter>
    </ClCompile>
    <ClCompile Include="..\modules\nonfree\src\sift.cpp">
      <Filter>modules\nonfree</Filter>
    </ClCompile>
    <ClCompile Include="..\modules\nonfree\src\surf.cpp">
      <Filter>modules\nonfree</Filter>
    </ClCompile>
    <ClCompile Include="..\modules\nonfree\src\surf_gpu.cpp">
      <Filter>modules\nonfree</Filter>
    </ClCompile>
    <ClCompile Include="..\modules\objdetect\src\cascadedetect.cpp">
      <Filter>modules\objdetect</Filter>
    </ClCompile>
    <ClCompile Include="..\modules\objdetect\src\datamatrix.cpp">
      <Filter>modules\objdetect</Filter>
    </ClCompile>
    <ClCompile Include="..\modules\objdetect\src\distancetransform.cpp">
      <Filter>modules\objdetect</Filter>
    </ClCompile>
    <ClCompile Include="..\modules\objdetect\src\featurepyramid.cpp">
      <Filter>modules\objdetect</Filter>
    </ClCompile>
    <ClCompile Include="..\modules\objdetect\src\fft.cpp">
      <Filter>modules\objdetect</Filter>
    </ClCompile>
    <ClCompile Include="..\modules\objdetect\src\haar.cpp">
      <Filter>modules\objdetect</Filter>
    </ClCompile>
    <ClCompile Include="..\modules\objdetect\src\hog.cpp">
      <Filter>modules\objdetect</Filter>
    </ClCompile>
    <ClCompile Include="..\modules\objdetect\src\latentsvm.cpp">
      <Filter>modules\objdetect</Filter>
    </ClCompile>
    <ClCompile Include="..\modules\objdetect\src\latentsvmdetector.cpp">
      <Filter>modules\objdetect</Filter>
    </ClCompile>
    <ClCompile Include="..\modules\objdetect\src\linemod.cpp">
      <Filter>modules\objdetect</Filter>
    </ClCompile>
    <ClCompile Include="..\modules\objdetect\src\lsvmparser.cpp">
      <Filter>modules\objdetect</Filter>
    </ClCompile>
    <ClCompile Include="..\modules\objdetect\src\lsvmtbbversion.cpp">
      <Filter>modules\objdetect</Filter>
    </ClCompile>
    <ClCompile Include="..\modules\objdetect\src\matching.cpp">
      <Filter>modules\objdetect</Filter>
    </ClCompile>
    <ClCompile Include="..\modules\objdetect\src\objdetect_init.cpp">
      <Filter>modules\objdetect</Filter>
    </ClCompile>
    <ClCompile Include="..\modules\objdetect\src\resizeimg.cpp">
      <Filter>modules\objdetect</Filter>
    </ClCompile>
    <ClCompile Include="..\modules\objdetect\src\routine.cpp">
      <Filter>modules\objdetect</Filter>
    </ClCompile>
    <ClCompile Include="..\modules\photo\src\denoising.cpp">
      <Filter>modules\photo</Filter>
    </ClCompile>
    <ClCompile Include="..\modules\photo\src\inpaint.cpp">
      <Filter>modules\photo</Filter>
    </ClCompile>
    <ClCompile Include="..\modules\stitching\src\autocalib.cpp">
      <Filter>modules\stitching</Filter>
    </ClCompile>
    <ClCompile Include="..\modules\stitching\src\blenders.cpp">
      <Filter>modules\stitching</Filter>
    </ClCompile>
    <ClCompile Include="..\modules\stitching\src\camera.cpp">
      <Filter>modules\stitching</Filter>
    </ClCompile>
    <ClCompile Include="..\modules\stitching\src\exposure_compensate.cpp">
      <Filter>modules\stitching</Filter>
    </ClCompile>
    <ClCompile Include="..\modules\stitching\src\matchers.cpp">
      <Filter>modules\stitching</Filter>
    </ClCompile>
    <ClCompile Include="..\modules\stitching\src\motion_estimators.cpp">
      <Filter>modules\stitching</Filter>
    </ClCompile>
    <ClCompile Include="..\modules\stitching\src\seam_finders.cpp">
      <Filter>modules\stitching</Filter>
    </ClCompile>
    <ClCompile Include="..\modules\stitching\src\stitcher.cpp">
      <Filter>modules\stitching</Filter>
    </ClCompile>
    <ClCompile Include="..\modules\stitching\src\util.cpp">
      <Filter>modules\stitching</Filter>
    </ClCompile>
    <ClCompile Include="..\modules\stitching\src\warpers.cpp">
      <Filter>modules\stitching</Filter>
    </ClCompile>
    <ClCompile Include="..\modules\superres\src\btv_l1.cpp">
      <Filter>modules\superres</Filter>
    </ClCompile>
    <ClCompile Include="..\modules\superres\src\btv_l1_gpu.cpp">
      <Filter>modules\superres</Filter>
    </ClCompile>
    <ClCompile Include="..\modules\superres\src\btv_l1_ocl.cpp">
      <Filter>modules\superres</Filter>
    </ClCompile>
    <ClCompile Include="..\modules\superres\src\frame_source.cpp">
      <Filter>modules\superres</Filter>
    </ClCompile>
    <ClCompile Include="..\modules\superres\src\input_array_utility.cpp">
      <Filter>modules\superres</Filter>
    </ClCompile>
    <ClCompile Include="..\modules\superres\src\optical_flow.cpp">
      <Filter>modules\superres</Filter>
    </ClCompile>
    <ClCompile Include="..\modules\superres\src\super_resolution.cpp">
      <Filter>modules\superres</Filter>
    </ClCompile>
    <ClCompile Include="..\modules\ts\src\gpu_perf.cpp">
      <Filter>modules\ts</Filter>
    </ClCompile>
    <ClCompile Include="..\modules\ts\src\gpu_test.cpp">
      <Filter>modules\ts</Filter>
    </ClCompile>
    <ClCompile Include="..\modules\ts\src\ts.cpp">
      <Filter>modules\ts</Filter>
    </ClCompile>
    <ClCompile Include="..\modules\ts\src\ts_arrtest.cpp">
      <Filter>modules\ts</Filter>
    </ClCompile>
    <ClCompile Include="..\modules\ts\src\ts_func.cpp">
      <Filter>modules\ts</Filter>
    </ClCompile>
    <ClCompile Include="..\modules\ts\src\ts_gtest.cpp">
      <Filter>modules\ts</Filter>
    </ClCompile>
    <ClCompile Include="..\modules\ts\src\ts_perf.cpp">
      <Filter>modules\ts</Filter>
    </ClCompile>
    <ClCompile Include="..\modules\ocl\src\arithm.cpp">
      <Filter>modules\ocl</Filter>
    </ClCompile>
    <ClCompile Include="..\modules\ocl\src\canny.cpp">
      <Filter>modules\ocl</Filter>
    </ClCompile>
    <ClCompile Include="..\modules\ocl\src\fft.cpp">
      <Filter>modules\ocl</Filter>
    </ClCompile>
    <ClCompile Include="..\modules\ocl\src\gemm.cpp">
      <Filter>modules\ocl</Filter>
    </ClCompile>
    <ClCompile Include="..\modules\ocl\src\haar.cpp">
      <Filter>modules\ocl</Filter>
    </ClCompile>
    <ClCompile Include="..\modules\ocl\src\hog.cpp">
      <Filter>modules\ocl</Filter>
    </ClCompile>
    <ClCompile Include="..\modules\ocl\src\kalman.cpp">
      <Filter>modules\ocl</Filter>
    </ClCompile>
    <ClCompile Include="..\modules\ocl\src\stereobm.cpp">
      <Filter>modules\ocl</Filter>
    </ClCompile>
    <ClCompile Include="..\modules\ocl\src\svm.cpp">
      <Filter>modules\ocl</Filter>
    </ClCompile>
    <ClCompile Include="..\modules\video\src\bgfg_gaussmix.cpp">
      <Filter>modules\video</Filter>
    </ClCompile>
    <ClCompile Include="..\modules\video\src\bgfg_gaussmix2.cpp">
      <Filter>modules\video</Filter>
    </ClCompile>
    <ClCompile Include="..\modules\video\src\bgfg_gmg.cpp">
      <Filter>modules\video</Filter>
    </ClCompile>
    <ClCompile Include="..\modules\video\src\camshift.cpp">
      <Filter>modules\video</Filter>
    </ClCompile>
    <ClCompile Include="..\modules\video\src\kalman.cpp">
      <Filter>modules\video</Filter>
    </ClCompile>
    <ClCompile Include="..\modules\video\src\lkpyramid.cpp">
      <Filter>modules\video</Filter>
    </ClCompile>
    <ClCompile Include="..\modules\video\src\motempl.cpp">
      <Filter>modules\video</Filter>
    </ClCompile>
    <ClCompile Include="..\modules\video\src\optflowgf.cpp">
      <Filter>modules\video</Filter>
    </ClCompile>
    <ClCompile Include="..\modules\video\src\simpleflow.cpp">
      <Filter>modules\video</Filter>
    </ClCompile>
    <ClCompile Include="..\modules\video\src\tvl1flow.cpp">
      <Filter>modules\video</Filter>
    </ClCompile>
    <ClCompile Include="..\modules\video\src\video_init.cpp">
      <Filter>modules\video</Filter>
    </ClCompile>
    <ClCompile Include="..\modules\videostab\src\deblurring.cpp">
      <Filter>modules\videostab</Filter>
    </ClCompile>
    <ClCompile Include="..\modules\videostab\src\fast_marching.cpp">
      <Filter>modules\videostab</Filter>
    </ClCompile>
    <ClCompile Include="..\modules\videostab\src\frame_source.cpp">
      <Filter>modules\videostab</Filter>
    </ClCompile>
    <ClCompile Include="..\modules\videostab\src\global_motion.cpp">
      <Filter>modules\videostab</Filter>
    </ClCompile>
    <ClCompile Include="..\modules\videostab\src\inpainting.cpp">
      <Filter>modules\videostab</Filter>
    </ClCompile>
    <ClCompile Include="..\modules\videostab\src\log.cpp">
      <Filter>modules\videostab</Filter>
    </ClCompile>
    <ClCompile Include="..\modules\videostab\src\motion_stabilizing.cpp">
      <Filter>modules\videostab</Filter>
    </ClCompile>
    <ClCompile Include="..\modules\videostab\src\optical_flow.cpp">
      <Filter>modules\videostab</Filter>
    </ClCompile>
    <ClCompile Include="..\modules\videostab\src\stabilizer.cpp">
      <Filter>modules\videostab</Filter>
    </ClCompile>
    <ClCompile Include="..\modules\ml\test\test_emknearestkmeans.cpp">
      <Filter>modules\ml\test</Filter>
    </ClCompile>
    <ClCompile Include="..\modules\ml\test\test_gbttest.cpp">
      <Filter>modules\ml\test</Filter>
    </ClCompile>
    <ClCompile Include="..\modules\ml\test\test_main.cpp">
      <Filter>modules\ml\test</Filter>
    </ClCompile>
    <ClCompile Include="..\modules\ml\test\test_mltests.cpp">
      <Filter>modules\ml\test</Filter>
    </ClCompile>
    <ClCompile Include="..\modules\ml\test\test_mltests2.cpp">
      <Filter>modules\ml\test</Filter>
    </ClCompile>
    <ClCompile Include="..\modules\ml\test\test_save_load.cpp">
      <Filter>modules\ml\test</Filter>
    </ClCompile>
    <ClCompile Include="..\modules\imgproc\test\test_approxpoly.cpp">
      <Filter>modules\imgproc\test</Filter>
    </ClCompile>
    <ClCompile Include="..\modules\imgproc\test\test_bilateral_filter.cpp">
      <Filter>modules\imgproc\test</Filter>
    </ClCompile>
    <ClCompile Include="..\modules\imgproc\test\test_boundingrect.cpp">
      <Filter>modules\imgproc\test</Filter>
    </ClCompile>
    <ClCompile Include="..\modules\imgproc\test\test_canny.cpp">
      <Filter>modules\imgproc\test</Filter>
    </ClCompile>
    <ClCompile Include="..\modules\imgproc\test\test_color.cpp">
      <Filter>modules\imgproc\test</Filter>
    </ClCompile>
    <ClCompile Include="..\modules\imgproc\test\test_contours.cpp">
      <Filter>modules\imgproc\test</Filter>
    </ClCompile>
    <ClCompile Include="..\modules\imgproc\test\test_convhull.cpp">
      <Filter>modules\imgproc\test</Filter>
    </ClCompile>
    <ClCompile Include="..\modules\imgproc\test\test_cvtyuv.cpp">
      <Filter>modules\imgproc\test</Filter>
    </ClCompile>
    <ClCompile Include="..\modules\imgproc\test\test_distancetransform.cpp">
      <Filter>modules\imgproc\test</Filter>
    </ClCompile>
    <ClCompile Include="..\modules\imgproc\test\test_emd.cpp">
      <Filter>modules\imgproc\test</Filter>
    </ClCompile>
    <ClCompile Include="..\modules\imgproc\test\test_filter.cpp">
      <Filter>modules\imgproc\test</Filter>
    </ClCompile>
    <ClCompile Include="..\modules\imgproc\test\test_floodfill.cpp">
      <Filter>modules\imgproc\test</Filter>
    </ClCompile>
    <ClCompile Include="..\modules\imgproc\test\test_grabcut.cpp">
      <Filter>modules\imgproc\test</Filter>
    </ClCompile>
    <ClCompile Include="..\modules\imgproc\test\test_histograms.cpp">
      <Filter>modules\imgproc\test</Filter>
    </ClCompile>
    <ClCompile Include="..\modules\imgproc\test\test_houghLines.cpp">
      <Filter>modules\imgproc\test</Filter>
    </ClCompile>
    <ClCompile Include="..\modules\imgproc\test\test_imgwarp_strict.cpp">
      <Filter>modules\imgproc\test</Filter>
    </ClCompile>
    <ClCompile Include="..\modules\imgproc\test\test_main.cpp">
      <Filter>modules\imgproc\test</Filter>
    </ClCompile>
    <ClCompile Include="..\modules\imgproc\test\test_moments.cpp">
      <Filter>modules\imgproc\test</Filter>
    </ClCompile>
    <ClCompile Include="..\modules\imgproc\test\test_pc.cpp">
      <Filter>modules\imgproc\test</Filter>
    </ClCompile>
    <ClCompile Include="..\modules\imgproc\test\test_templmatch.cpp">
      <Filter>modules\imgproc\test</Filter>
    </ClCompile>
    <ClCompile Include="..\modules\imgproc\test\test_thresh.cpp">
      <Filter>modules\imgproc\test</Filter>
    </ClCompile>
    <ClCompile Include="..\modules\imgproc\test\test_watershed.cpp">
      <Filter>modules\imgproc\test</Filter>
    </ClCompile>
    <ClCompile Include="..\modules\objdetect\test\test_cascadeandhog.cpp">
      <Filter>modules\objdetect\test</Filter>
    </ClCompile>
    <ClCompile Include="..\modules\objdetect\test\test_latentsvmdetector.cpp">
      <Filter>modules\objdetect\test</Filter>
    </ClCompile>
    <ClCompile Include="..\modules\objdetect\test\test_main.cpp">
      <Filter>modules\objdetect\test</Filter>
    </ClCompile>
    <ClCompile Include="..\modules\legacy\test\test_bruteforcematcher.cpp">
      <Filter>modules\legacy\test</Filter>
    </ClCompile>
    <ClCompile Include="..\modules\legacy\test\test_em.cpp">
      <Filter>modules\legacy\test</Filter>
    </ClCompile>
    <ClCompile Include="..\modules\legacy\test\test_main.cpp">
      <Filter>modules\legacy\test</Filter>
    </ClCompile>
    <ClCompile Include="..\modules\legacy\test\test_nearestneighbors.cpp">
      <Filter>modules\legacy\test</Filter>
    </ClCompile>
    <ClCompile Include="..\modules\legacy\test\test_optflow.cpp">
      <Filter>modules\legacy\test</Filter>
    </ClCompile>
    <ClCompile Include="..\modules\legacy\test\test_pyrsegmentation.cpp">
      <Filter>modules\legacy\test</Filter>
    </ClCompile>
    <ClCompile Include="..\modules\legacy\test\test_stereomatching.cpp">
      <Filter>modules\legacy\test</Filter>
    </ClCompile>
    <ClCompile Include="..\modules\legacy\test\test_subdivisions.cpp">
      <Filter>modules\legacy\test</Filter>
    </ClCompile>
    <ClCompile Include="..\modules\calib3d\test\test_affine3d_estimator.cpp">
      <Filter>modules\calib3d\test</Filter>
    </ClCompile>
    <ClCompile Include="..\modules\calib3d\test\test_cameracalibration.cpp">
      <Filter>modules\calib3d\test</Filter>
    </ClCompile>
    <ClCompile Include="..\modules\calib3d\test\test_cameracalibration_artificial.cpp">
      <Filter>modules\calib3d\test</Filter>
    </ClCompile>
    <ClCompile Include="..\modules\calib3d\test\test_cameracalibration_badarg.cpp">
      <Filter>modules\calib3d\test</Filter>
    </ClCompile>
    <ClCompile Include="..\modules\calib3d\test\test_chessboardgenerator.cpp">
      <Filter>modules\calib3d\test</Filter>
    </ClCompile>
    <ClCompile Include="..\modules\calib3d\test\test_chesscorners.cpp">
      <Filter>modules\calib3d\test</Filter>
    </ClCompile>
    <ClCompile Include="..\modules\calib3d\test\test_chesscorners_badarg.cpp">
      <Filter>modules\calib3d\test</Filter>
    </ClCompile>
    <ClCompile Include="..\modules\calib3d\test\test_chesscorners_timing.cpp">
      <Filter>modules\calib3d\test</Filter>
    </ClCompile>
    <ClCompile Include="..\modules\calib3d\test\test_compose_rt.cpp">
      <Filter>modules\calib3d\test</Filter>
    </ClCompile>
    <ClCompile Include="..\modules\calib3d\test\test_cornerssubpix.cpp">
      <Filter>modules\calib3d\test</Filter>
    </ClCompile>
    <ClCompile Include="..\modules\calib3d\test\test_fundam.cpp">
      <Filter>modules\calib3d\test</Filter>
    </ClCompile>
    <ClCompile Include="..\modules\calib3d\test\test_homography.cpp">
      <Filter>modules\calib3d\test</Filter>
    </ClCompile>
    <ClCompile Include="..\modules\calib3d\test\test_main.cpp">
      <Filter>modules\calib3d\test</Filter>
    </ClCompile>
    <ClCompile Include="..\modules\calib3d\test\test_modelest.cpp">
      <Filter>modules\calib3d\test</Filter>
    </ClCompile>
    <ClCompile Include="..\modules\calib3d\test\test_posit.cpp">
      <Filter>modules\calib3d\test</Filter>
    </ClCompile>
    <ClCompile Include="..\modules\calib3d\test\test_reproject_image_to_3d.cpp">
      <Filter>modules\calib3d\test</Filter>
    </ClCompile>
    <ClCompile Include="..\modules\calib3d\test\test_solvepnp_ransac.cpp">
      <Filter>modules\calib3d\test</Filter>
    </ClCompile>
    <ClCompile Include="..\modules\calib3d\test\test_stereomatching.cpp">
      <Filter>modules\calib3d\test</Filter>
    </ClCompile>
    <ClCompile Include="..\modules\calib3d\test\test_undistort.cpp">
      <Filter>modules\calib3d\test</Filter>
    </ClCompile>
    <ClCompile Include="..\modules\calib3d\test\test_undistort_badarg.cpp">
      <Filter>modules\calib3d\test</Filter>
    </ClCompile>
    <ClCompile Include="..\modules\calib3d\test\test_undistort_points.cpp">
      <Filter>modules\calib3d\test</Filter>
    </ClCompile>
  </ItemGroup>
  <ItemGroup>
    <None Include="..\modules\features2d\src\generated_16.i">
      <Filter>modules\features2d</Filter>
    </None>
    <None Include="..\modules\features2d\src\generated_32.i">
      <Filter>modules\features2d</Filter>
    </None>
    <None Include="..\modules\features2d\src\generated_64.i">
      <Filter>modules\features2d</Filter>
    </None>
    <None Include="..\modules\objdetect\src\normal_lut.i">
      <Filter>modules\objdetect</Filter>
    </None>
  </ItemGroup>
</Project>